github.com/creack/pty v1.1.24 h1:bJrF4RRfyJnbTJqzRLHzcGaZK1NeM5kTC9jGgovnR1s=
github.com/creack/pty v1.1.24/go.mod h1:08sCNb52WyoAwi2QDyzUCTgcvVFhUzewun7wtTfvcwE=
github.com/ebitengine/purego v0.7.1 h1:6/55d26lG3o9VCZX8lping+bZcmShseiqlh2bnUDiPA=
github.com/ebitengine/purego v0.7.1/go.mod h1:ah1In8AOtksoNK6yk5z1HTJeUkC1Ez4Wk2idgGslMwQ=
github.com/fxamacker/cbor/v2 v2.5.0 h1:oHsG0V/Q6E/wqTS2O1Cozzsy69nqCiguo5Q1a1ADivE=
github.com/fxamacker/cbor/v2 v2.5.0/go.mod h1:TA1xS00nchWmaBnEIxPSE5oHLuJBAVvqrtAnWBwBCVo=
github.com/go-test/deep v1.1.0 h1:WOcxcdHcvdgThNXjw0t76K42FXTU7HpNQWHpA2HHNlg=
github.com/go-test/deep v1.1.0/go.mod h1:5C2ZWiW0ErCdrYzpqxLbTX7MG14M9iiw8DgHncVwcsE=
github.com/jchv/go-webview2 v0.0.0-20221223143126-dc24628cff85 h1:t6lhRbwURcdWgp8OsJlq6sOfWMOXP21YuiCicjutHv4=
github.com/jchv/go-webview2 v0.0.0-20221223143126-dc24628cff85/go.mod h1:/BNVc0Sw3Wj6Sz9uSxPwhCEUhhWs92hPde75K2YV24A=
github.com/jchv/go-winloader v0.0.0-20200815041850-dec1ee9a7fd5 h1:pdFFlHXY9tZXmJz+tRSm1DzYEH4ebha7cffmm607bMU=
github.com/jchv/go-winloader v0.0.0-20200815041850-dec1ee9a7fd5/go.mod h1:alcuEEnZsY1WQsagKhZDsoPCRoOijYqhZvPwLG0kzVs=
github.com/mitchellh/mapstructure v1.5.0 h1:jeMsZIYE/09sWLaz43PL7Gy6RuMjD2eJVyuac5Z2hdY=
github.com/mitchellh/mapstructure v1.5.0/go.mod h1:bFUtVrKA4DC2yAKiSyO/QUcy7e+RRV2QTWOzhPopBRo=
github.com/progrium/darwinkit v0.5.0-preview.0.20240621212928-c9ae70adb484 h1:zG2QVztO5Py4/FfpJe7HNuDTAPGhNtsR5wZlz8r/k+U=
github.com/progrium/darwinkit v0.5.0-preview.0.20240621212928-c9ae70adb484/go.mod h1:PxQhZuftnALLkCVaR8LaHtUOfoo4pm8qUDG+3C/sXNs=
github.com/x448/float16 v0.8.4 h1:qLwI1I70+NjRFUR3zs1JPUCgaCXSh3SW62uAKT1mSBM=
github.com/x448/float16 v0.8.4/go.mod h1:14CWIYCyZA/cWjXOioeEpHeN/83MdbZDRQHoFcYsOfg=
golang.org/x/net v0.17.0 h1:pVaXccu2ozPjCXewfr1S7xza/zcXTity9cCdXQYSjIM=
golang.org/x/net v0.17.0/go.mod h1:NxSsAGuq816PNPmqtQdLE42eU2Fs7NoRIZrHJAlaCOE=
golang.org/x/sys v0.0.0-20200810151505-1b9f1253b3ed/go.mod h1:h1NjWce9XRLGQEsW7wpKNCjG9DtNlClVuFLEZdDNbEs=
golang.org/x/sys v0.0.0-20210218145245-beda7e5e158e/go.mod h1:h1NjWce9XRLGQEsW7wpKNCjG9DtNlClVuFLEZdDNbEs=
golang.org/x/sys v0.13.0 h1:Af8nKPmuFypiUBjVoU9V20FiaFXOcuZI21p0ycVYYGE=
golang.org/x/sys v0.13.0/go.mod h1:oPkhp1MJrh7nUepCBck5+mAzfO9JrbApNNgaTdGDITg=
tractor.dev/toolkit-go v0.0.0-20240810203015-1b3d95b70efe h1:9GzxY8EwxFiMoSYHRfsJcuh24UPlcREFtQ9QtovmxW4=
tractor.dev/toolkit-go v0.0.0-20240810203015-1b3d95b70efe/go.mod h1:vI9Jf9tepHLrUqGQf7XZuRcQySNajWRKBjPD4+Ay72I=
tractor.dev/toolkit-go/desktop v0.0.0-20250103001615-9a6753936c19 h1:5ZrzVlYLShv9Qr3jG2zh5HdHULIt1WHuRiEJC9BZOu0=
tractor.dev/toolkit-go/desktop v0.0.0-20250103001615-9a6753936c19/go.mod h1:4VxzMoi8+OiKr3OrKOndJgtJQgwfVONDetqJE0dYDWg=
